<Solution>
  <Folder Name="/src/" />
  <Folder Name="/src/Modules/" />
  <Folder Name="/src/Modules/Catalog/" />
  <Folder Name="/src/Modules/Catalog/Catalog.Application/" />
  <Folder Name="/src/Modules/Catalog/Catalog.Contracts/" />
  <Folder Name="/src/Modules/Catalog/Catalog.Domain/" />
  <Folder Name="/src/Modules/Catalog/Catalog.Infrastructure/" />
  <Folder Name="/src/Modules/Identity/" />
  <Folder Name="/src/Modules/Identity/Identity.Application/" />
  <Folder Name="/src/Modules/Identity/Identity.Contracts/" />
  <Folder Name="/src/Modules/Identity/Identity.Domain/" />
  <Folder Name="/src/Modules/Identity/Identity.Infrastructure/" />
  <Folder Name="/src/Modules/Reviews/" />
  <Folder Name="/src/Modules/Reviews/Reviews.Application/" />
  <Folder Name="/src/Modules/Reviews/Reviews.Contracts/" />
  <Folder Name="/src/Modules/Reviews/Reviews.Domain/" />
  <Folder Name="/src/Modules/Reviews/Reviews.Infrastructure/" />
  <Folder Name="/src/Modules/Watchlist/" />
  <Folder Name="/src/Modules/Watchlist/Watchlist.Application/" />
  <Folder Name="/src/Modules/Watchlist/Watchlist.Contracts/" />
  <Folder Name="/src/Modules/Watchlist/Watchlist.Domain/" />
  <Folder Name="/src/Modules/Watchlist/Watchlist.Infrastructure/" />
  <Folder Name="/src/Shared/" />
  <Folder Name="/src/Shared/Shared.Infrastructure/" />
  <Folder Name="/src/Shared/Shared.Kernel/" />
</Solution>
